// !$*UTF8*$!
{
	archiveVersion = 1;
	classes = {
	};
	objectVersion = 46;
	objects = {

/* Begin PBXBuildFile section */
		9B78E17F1A8CDB3C0069CBF3 /* AppDelegate.swift in Sources */ = {isa = PBXBuildFile; fileRef = 9B78E17E1A8CDB3C0069CBF3 /* AppDelegate.swift */; };
		9B78E1811A8CDB3D0069CBF3 /* ViewController.swift in Sources */ = {isa = PBXBuildFile; fileRef = 9B78E1801A8CDB3D0069CBF3 /* ViewController.swift */; };
		9B78E1841A8CDB3D0069CBF3 /* Main.storyboard in Resources */ = {isa = PBXBuildFile; fileRef = 9B78E1821A8CDB3D0069CBF3 /* Main.storyboard */; };
		9B78E1861A8CDB3D0069CBF3 /* Images.xcassets in Resources */ = {isa = PBXBuildFile; fileRef = 9B78E1851A8CDB3D0069CBF3 /* Images.xcassets */; };
		9B78E1891A8CDB3D0069CBF3 /* LaunchScreen.xib in Resources */ = {isa = PBXBuildFile; fileRef = 9B78E1871A8CDB3D0069CBF3 /* LaunchScreen.xib */; };
		9B78E1951A8CDB3D0069CBF3 /* Matrix_CalculatorTests.swift in Sources */ = {isa = PBXBuildFile; fileRef = 9B78E1941A8CDB3D0069CBF3 /* Matrix_CalculatorTests.swift */; };
/* End PBXBuildFile section */

/* Begin PBXContainerItemProxy section */
		9B78E18F1A8CDB3D0069CBF3 /* PBXContainerItemProxy */ = {
			isa = PBXContainerItemProxy;
			containerPortal = 9B78E1711A8CDB3C0069CBF3 /* Project object */;
			proxyType = 1;
			remoteGlobalIDString = 9B78E1781A8CDB3C0069CBF3;
			remoteInfo = "Matrix Calculator";
		};
/* End PBXContainerItemProxy section */

/* Begin PBXFileReference section */
		9B78E1791A8CDB3C0069CBF3 /* Matrix Calculator.app */ = {isa = PBXFileReference; explicitFileType = wrapper.application; includeInIndex = 0; path = "Matrix Calculator.app"; sourceTree = BUILT_PRODUCTS_DIR; };
		9B78E17D1A8CDB3C0069CBF3 /* Info.plist */ = {isa = PBXFileReference; lastKnownFileType = text.plist.xml; path = Info.plist; sourceTree = "<group>"; };
		9B78E17E1A8CDB3C0069CBF3 /* AppDelegate.swift */ = {isa = PBXFileReference; lastKnownFileType = sourcecode.swift; path = AppDelegate.swift; sourceTree = "<group>"; };
		9B78E1801A8CDB3D0069CBF3 /* ViewController.swift */ = {isa = PBXFileReference; lastKnownFileType = sourcecode.swift; path = ViewController.swift; sourceTree = "<group>"; };
		9B78E1831A8CDB3D0069CBF3 /* Base */ = {isa = PBXFileReference; lastKnownFileType = file.storyboard; name = Base; path = Base.lproj/Main.storyboard; sourceTree = "<group>"; };
		9B78E1851A8CDB3D0069CBF3 /* Images.xcassets */ = {isa = PBXFileReference; lastKnownFileType = folder.assetcatalog; path = Images.xcassets; sourceTree = "<group>"; };
		9B78E1881A8CDB3D0069CBF3 /* Base */ = {isa = PBXFileReference; lastKnownFileType = file.xib; name = Base; path = Base.lproj/LaunchScreen.xib; sourceTree = "<group>"; };
		9B78E18E1A8CDB3D0069CBF3 /* Matrix CalculatorTests.xctest */ = {isa = PBXFileReference; explicitFileType = wrapper.cfbundle; includeInIndex = 0; path = "Matrix CalculatorTests.xctest"; sourceTree = BUILT_PRODUCTS_DIR; };
		9B78E1931A8CDB3D0069CBF3 /* Info.plist */ = {isa = PBXFileReference; lastKnownFileType = text.plist.xml; path = Info.plist; sourceTree = "<group>"; };
		9B78E1941A8CDB3D0069CBF3 /* Matrix_CalculatorTests.swift */ = {isa = PBXFileReference; lastKnownFileType = sourcecode.swift; path = Matrix_CalculatorTests.swift; sourceTree = "<group>"; };
/* End PBXFileReference section */

/* Begin PBXFrameworksBuildPhase section */
		9B78E1761A8CDB3C0069CBF3 /* Frameworks */ = {
			isa = PBXFrameworksBuildPhase;
			buildActionMask = 2147483647;
			files = (
			);
			runOnlyForDeploymentPostprocessing = 0;
		};
		9B78E18B1A8CDB3D0069CBF3 /* Frameworks */ = {
			isa = PBXFrameworksBuildPhase;
			buildActionMask = 2147483647;
			files = (
			);
			runOnlyForDeploymentPostprocessing = 0;
		};
/* End PBXFrameworksBuildPhase section */

/* Begin PBXGroup section */
		9B78E1701A8CDB3C0069CBF3 = {
			isa = PBXGroup;
			children = (
				9B78E17B1A8CDB3C0069CBF3 /* Matrix Calculator */,
				9B78E1911A8CDB3D0069CBF3 /* Matrix CalculatorTests */,
				9B78E17A1A8CDB3C0069CBF3 /* Products */,
			);
			sourceTree = "<group>";
		};
		9B78E17A1A8CDB3C0069CBF3 /* Products */ = {
			isa = PBXGroup;
			children = (
				9B78E1791A8CDB3C0069CBF3 /* Matrix Calculator.app */,
				9B78E18E1A8CDB3D0069CBF3 /* Matrix CalculatorTests.xctest */,
			);
			name = Products;
			sourceTree = "<group>";
		};
		9B78E17B1A8CDB3C0069CBF3 /* Matrix Calculator */ = {
			isa = PBXGroup;
			children = (
				9B78E17E1A8CDB3C0069CBF3 /* AppDelegate.swift */,
				9B78E1801A8CDB3D0069CBF3 /* ViewController.swift */,
				9B78E1821A8CDB3D0069CBF3 /* Main.storyboard */,
				9B78E1851A8CDB3D0069CBF3 /* Images.xcassets */,
				9B78E1871A8CDB3D0069CBF3 /* LaunchScreen.xib */,
				9B78E17C1A8CDB3C0069CBF3 /* Supporting Files */,
			);
			path = "Matrix Calculator";
			sourceTree = "<group>";
		};
		9B78E17C1A8CDB3C0069CBF3 /* Supporting Files */ = {
			isa = PBXGroup;
			children = (
				9B78E17D1A8CDB3C0069CBF3 /* Info.plist */,
			);
			name = "Supporting Files";
			sourceTree = "<group>";
		};
		9B78E1911A8CDB3D0069CBF3 /* Matrix CalculatorTests */ = {
			isa = PBXGroup;
			children = (
				9B78E1941A8CDB3D0069CBF3 /* Matrix_CalculatorTests.swift */,
				9B78E1921A8CDB3D0069CBF3 /* Supporting Files */,
			);
			path = "Matrix CalculatorTests";
			sourceTree = "<group>";
		};
		9B78E1921A8CDB3D0069CBF3 /* Supporting Files */ = {
			isa = PBXGroup;
			children = (
				9B78E1931A8CDB3D0069CBF3 /* Info.plist */,
			);
			name = "Supporting Files";
			sourceTree = "<group>";
		};
/* End PBXGroup section */

/* Begin PBXNativeTarget section */
		9B78E1781A8CDB3C0069CBF3 /* Matrix Calculator */ = {
			isa = PBXNativeTarget;
			buildConfigurationList = 9B78E1981A8CDB3D0069CBF3 /* Build configuration list for PBXNativeTarget "Matrix Calculator" */;
			buildPhases = (
				9B78E1751A8CDB3C0069CBF3 /* Sources */,
				9B78E1761A8CDB3C0069CBF3 /* Frameworks */,
				9B78E1771A8CDB3C0069CBF3 /* Resources */,
			);
			buildRules = (
			);
			dependencies = (
			);
			name = "Matrix Calculator";
			productName = "Matrix Calculator";
			productReference = 9B78E1791A8CDB3C0069CBF3 /* Matrix Calculator.app */;
			productType = "com.apple.product-type.application";
		};
		9B78E18D1A8CDB3D0069CBF3 /* Matrix CalculatorTests */ = {
			isa = PBXNativeTarget;
			buildConfigurationList = 9B78E19B1A8CDB3D0069CBF3 /* Build configuration list for PBXNativeTarget "Matrix CalculatorTests" */;
			buildPhases = (
				9B78E18A1A8CDB3D0069CBF3 /* Sources */,
				9B78E18B1A8CDB3D0069CBF3 /* Frameworks */,
				9B78E18C1A8CDB3D0069CBF3 /* Resources */,
			);
			buildRules = (
			);
			dependencies = (
				9B78E1901A8CDB3D0069CBF3 /* PBXTargetDependency */,
			);
			name = "Matrix CalculatorTests";
			productName = "Matrix CalculatorTests";
			productReference = 9B78E18E1A8CDB3D0069CBF3 /* Matrix CalculatorTests.xctest */;
			productType = "com.apple.product-type.bundle.unit-test";
		};
/* End PBXNativeTarget section */

/* Begin PBXProject section */
		9B78E1711A8CDB3C0069CBF3 /* Project object */ = {
			isa = PBXProject;
			attributes = {
				LastUpgradeCheck = 0610;
				ORGANIZATIONNAME = "Zichuan Huang";
				TargetAttributes = {
					9B78E1781A8CDB3C0069CBF3 = {
						CreatedOnToolsVersion = 6.1.1;
					};
					9B78E18D1A8CDB3D0069CBF3 = {
						CreatedOnToolsVersion = 6.1.1;
						TestTargetID = 9B78E1781A8CDB3C0069CBF3;
					};
				};
			};
			buildConfigurationList = 9B78E1741A8CDB3C0069CBF3 /* Build configuration list for PBXProject "Matrix Calculator" */;
			compatibilityVersion = "Xcode 3.2";
			developmentRegion = English;
			hasScannedForEncodings = 0;
			knownRegions = (
				en,
				Base,
			);
			mainGroup = 9B78E1701A8CDB3C0069CBF3;
			productRefGroup = 9B78E17A1A8CDB3C0069CBF3 /* Products */;
			projectDirPath = "";
			projectRoot = "";
			targets = (
				9B78E1781A8CDB3C0069CBF3 /* Matrix Calculator */,
				9B78E18D1A8CDB3D0069CBF3 /* Matrix CalculatorTests */,
			);
		};
/* End PBXProject section */

/* Begin PBXResourcesBuildPhase section */
		9B78E1771A8CDB3C0069CBF3 /* Resources */ = {
			isa = PBXResourcesBuildPhase;
			buildActionMask = 2147483647;
			files = (
				9B78E1841A8CDB3D0069CBF3 /* Main.storyboard in Resources */,
				9B78E1891A8CDB3D0069CBF3 /* LaunchScreen.xib in Resources */,
				9B78E1861A8CDB3D0069CBF3 /* Images.xcassets in Resources */,
			);
			runOnlyForDeploymentPostprocessing = 0;
		};
		9B78E18C1A8CDB3D0069CBF3 /* Resources */ = {
			isa = PBXResourcesBuildPhase;
			buildActionMask = 2147483647;
			files = (
			);
			runOnlyForDeploymentPostprocessing = 0;
		};
/* End PBXResourcesBuildPhase section */

/* Begin PBXSourcesBuildPhase section */
		9B78E1751A8CDB3C0069CBF3 /* Sources */ = {
			isa = PBXSourcesBuildPhase;
			buildActionMask = 2147483647;
			files = (
				9B78E1811A8CDB3D0069CBF3 /* ViewController.swift in Sources */,
				9B78E17F1A8CDB3C0069CBF3 /* AppDelegate.swift in Sources */,
			);
			runOnlyForDeploymentPostprocessing = 0;
		};
		9B78E18A1A8CDB3D0069CBF3 /* Sources */ = {
			isa = PBXSourcesBuildPhase;
			buildActionMask = 2147483647;
			files = (
				9B78E1951A8CDB3D0069CBF3 /* Matrix_CalculatorTests.swift in Sources */,
			);
			runOnlyForDeploymentPostprocessing = 0;
		};
/* End PBXSourcesBuildPhase section */

/* Begin PBXTargetDependency section */
		9B78E1901A8CDB3D0069CBF3 /* PBXTargetDependency */ = {
			isa = PBXTargetDependency;
			target = 9B78E1781A8CDB3C0069CBF3 /* Matrix Calculator */;
			targetProxy = 9B78E18F1A8CDB3D0069CBF3 /* PBXContainerItemProxy */;
		};
/* End PBXTargetDependency section */

/* Begin PBXVariantGroup section */
		9B78E1821A8CDB3D0069CBF3 /* Main.storyboard */ = {
			isa = PBXVariantGroup;
			children = (
				9B78E1831A8CDB3D0069CBF3 /* Base */,
			);
			name = Main.storyboard;
			sourceTree = "<group>";
		};
		9B78E1871A8CDB3D0069CBF3 /* LaunchScreen.xib */ = {
			isa = PBXVariantGroup;
			children = (
				9B78E1881A8CDB3D0069CBF3 /* Base */,
			);
			name = LaunchScreen.xib;
			sourceTree = "<group>";
		};
/* End PBXVariantGroup section */

/* Begin XCBuildConfiguration section */
		9B78E1961A8CDB3D0069CBF3 /* Debug */ = {
			isa = XCBuildConfiguration;
			buildSettings = {
				ALWAYS_SEARCH_USER_PATHS = NO;
				CLANG_CXX_LANGUAGE_STANDARD = "gnu++0x";
				CLANG_CXX_LIBRARY = "libc++";
				CLANG_ENABLE_MODULES = YES;
				CLANG_ENABLE_OBJC_ARC = YES;
				CLANG_WARN_BOOL_CONVERSION = YES;
				CLANG_WARN_CONSTANT_CONVERSION = YES;
				CLANG_WARN_DIRECT_OBJC_ISA_USAGE = YES_ERROR;
				CLANG_WARN_EMPTY_BODY = YES;
				CLANG_WARN_ENUM_CONVERSION = YES;
				CLANG_WARN_INT_CONVERSION = YES;
				CLANG_WARN_OBJC_ROOT_CLASS = YES_ERROR;
				CLANG_WARN_UNREACHABLE_CODE = YES;
				CLANG_WARN__DUPLICATE_METHOD_MATCH = YES;
				"CODE_SIGN_IDENTITY[sdk=iphoneos*]" = "iPhone Developer";
				COPY_PHASE_STRIP = NO;
				ENABLE_STRICT_OBJC_MSGSEND = YES;
				GCC_C_LANGUAGE_STANDARD = gnu99;
				GCC_DYNAMIC_NO_PIC = NO;
				GCC_OPTIMIZATION_LEVEL = 0;
				GCC_PREPROCESSOR_DEFINITIONS = (
					"DEBUG=1",
					"$(inherited)",
				);
				GCC_SYMBOLS_PRIVATE_EXTERN = NO;
				GCC_WARN_64_TO_32_BIT_CONVERSION = YES;
				GCC_WARN_ABOUT_RETURN_TYPE = YES_ERROR;
				GCC_WARN_UNDECLARED_SELECTOR = YES;
				GCC_WARN_UNINITIALIZED_AUTOS = YES_AGGRESSIVE;
				GCC_WARN_UNUSED_FUNCTION = YES;
				GCC_WARN_UNUSED_VARIABLE = YES;
				IPHONEOS_DEPLOYMENT_TARGET = 8.1;
				MTL_ENABLE_DEBUG_INFO = YES;
				ONLY_ACTIVE_ARCH = YES;
				SDKROOT = iphoneos;
				SWIFT_OPTIMIZATION_LEVEL = "-Onone";
			};
			name = Debug;
		};
		9B78E1971A8CDB3D0069CBF3 /* Release */ = {
			isa = XCBuildConfiguration;
			buildSettings = {
				ALWAYS_SEARCH_USER_PATHS = NO;
				CLANG_CXX_LANGUAGE_STANDARD = "gnu++0x";
				CLANG_CXX_LIBRARY = "libc++";
				CLANG_ENABLE_MODULES = YES;
				CLANG_ENABLE_OBJC_ARC = YES;
				CLANG_WARN_BOOL_CONVERSION = YES;
				CLANG_WARN_CONSTANT_CONVERSION = YES;
				CLANG_WARN_DIRECT_OBJC_ISA_USAGE = YES_ERROR;
				CLANG_WARN_EMPTY_BODY = YES;
				CLANG_WARN_ENUM_CONVERSION = YES;
				CLANG_WARN_INT_CONVERSION = YES;
				CLANG_WARN_OBJC_ROOT_CLASS = YES_ERROR;
				CLANG_WARN_UNREACHABLE_CODE = YES;
				CLANG_WARN__DUPLICATE_METHOD_MATCH = YES;
				"CODE_SIGN_IDENTITY[sdk=iphoneos*]" = "iPhone Developer";
				COPY_PHASE_STRIP = YES;
				ENABLE_NS_ASSERTIONS = NO;
				ENABLE_STRICT_OBJC_MSGSEND = YES;
				GCC_C_LANGUAGE_STANDARD = gnu99;
				GCC_WARN_64_TO_32_BIT_CONVERSION = YES;
				GCC_WARN_ABOUT_RETURN_TYPE = YES_ERROR;
				GCC_WARN_UNDECLARED_SELECTOR = YES;
				GCC_WARN_UNINITIALIZED_AUTOS = YES_AGGRESSIVE;
				GCC_WARN_UNUSED_FUNCTION = YES;
				GCC_WARN_UNUSED_VARIABLE = YES;
				IPHONEOS_DEPLOYMENT_TARGET = 8.1;
				MTL_ENABLE_DEBUG_INFO = NO;
				SDKROOT = iphoneos;
				VALIDATE_PRODUCT = YES;
			};
			name = Release;
		};
		9B78E1991A8CDB3D0069CBF3 /* Debug */ = {
			isa = XCBuildConfiguration;
			buildSettings = {
				ASSETCATALOG_COMPILER_APPICON_NAME = AppIcon;
				INFOPLIST_FILE = "Matrix Calculator/Info.plist";
				LD_RUNPATH_SEARCH_PATHS = "$(inherited) @executable_path/Frameworks";
				PRODUCT_NAME = "$(TARGET_NAME)";
			};
			name = Debug;
		};
		9B78E19A1A8CDB3D0069CBF3 /* Release */ = {
			isa = XCBuildConfiguration;
			buildSettings = {
				ASSETCATALOG_COMPILER_APPICON_NAME = AppIcon;
				INFOPLIST_FILE = "Matrix Calculator/Info.plist";
				LD_RUNPATH_SEARCH_PATHS = "$(inherited) @executable_path/Frameworks";
				PRODUCT_NAME = "$(TARGET_NAME)";
			};
			name = Release;
		};
		9B78E19C1A8CDB3D0069CBF3 /* Debug */ = {
			isa = XCBuildConfiguration;
			buildSettings = {
				BUNDLE_LOADER = "$(TEST_HOST)";
				FRAMEWORK_SEARCH_PATHS = (
					"$(SDKROOT)/Developer/Library/Frameworks",
					"$(inherited)",
				);
				GCC_PREPROCESSOR_DEFINITIONS = (
					"DEBUG=1",
					"$(inherited)",
				);
				INFOPLIST_FILE = "Matrix CalculatorTests/Info.plist";
				LD_RUNPATH_SEARCH_PATHS = "$(inherited) @executable_path/Frameworks @loader_path/Frameworks";
				PRODUCT_NAME = "$(TARGET_NAME)";
				TEST_HOST = "$(BUILT_PRODUCTS_DIR)/Matrix Calculator.app/Matrix Calculator";
			};
			name = Debug;
		};
		9B78E19D1A8CDB3D0069CBF3 /* Release */ = {
			isa = XCBuildConfiguration;
			buildSettings = {
				BUNDLE_LOADER = "$(TEST_HOST)";
				FRAMEWORK_SEARCH_PATHS = (
					"$(SDKROOT)/Developer/Library/Frameworks",
					"$(inherited)",
				);
				INFOPLIST_FILE = "Matrix CalculatorTests/Info.plist";
				LD_RUNPATH_SEARCH_PATHS = "$(inherited) @executable_path/Frameworks @loader_path/Frameworks";
				PRODUCT_NAME = "$(TARGET_NAME)";
				TEST_HOST = "$(BUILT_PRODUCTS_DIR)/Matrix Calculator.app/Matrix Calculator";
			};
			name = Release;
		};
/* End XCBuildConfiguration section */

/* Begin XCConfigurationList section */
		9B78E1741A8CDB3C0069CBF3 /* Build configuration list for PBXProject "Matrix Calculator" */ = {
			isa = XCConfigurationList;
			buildConfigurations = (
				9B78E1961A8CDB3D0069CBF3 /* Debug */,
				9B78E1971A8CDB3D0069CBF3 /* Release */,
			);
			defaultConfigurationIsVisible = 0;
			defaultConfigurationName = Release;
		};
		9B78E1981A8CDB3D0069CBF3 /* Build configuration list for PBXNativeTarget "Matrix Calculator" */ = {
			isa = XCConfigurationList;
			buildConfigurations = (
				9B78E1991A8CDB3D0069CBF3 /* Debug */,
				9B78E19A1A8CDB3D0069CBF3 /* Release */,
			);
			defaultConfigurationIsVisible = 0;
		};
		9B78E19B1A8CDB3D0069CBF3 /* Build configuration list for PBXNativeTarget "Matrix CalculatorTests" */ = {
			isa = XCConfigurationList;
			buildConfigurations = (
				9B78E19C1A8CDB3D0069CBF3 /* Debug */,
				9B78E19D1A8CDB3D0069CBF3 /* Release */,
			);
			defaultConfigurationIsVisible = 0;
		};
/* End XCConfigurationList section */
	};
	rootObject = 9B78E1711A8CDB3C0069CBF3 /* Project object */;
}
