// !$*UTF8*$!
{
	archiveVersion = 1;
	classes = {
	};
	objectVersion = 46;
	objects = {

/* Begin PBXBuildFile section */
		9B4980B71B51AB9900F2BC47 /* weight.txt in Resources */ = {isa = PBXBuildFile; fileRef = 9B4980B61B51AB9900F2BC47 /* weight.txt */; };
		9B4980CD1B5C00C100F2BC47 /* CalculatorMainScreenViewController.swift in Sources */ = {isa = PBXBuildFile; fileRef = 9B4980CC1B5C00C100F2BC47 /* CalculatorMainScreenViewController.swift */; };
		9B4980D21B5DA09300F2BC47 /* Matrix.swift in Sources */ = {isa = PBXBuildFile; fileRef = 9B4980D01B5DA09300F2BC47 /* Matrix.swift */; };
		9B4980D31B5DA09300F2BC47 /* Polynomial.swift in Sources */ = {isa = PBXBuildFile; fileRef = 9B4980D11B5DA09300F2BC47 /* Polynomial.swift */; };
		9B4980D51B5DA19A00F2BC47 /* Fraction.swift in Sources */ = {isa = PBXBuildFile; fileRef = 9B4980D41B5DA19A00F2BC47 /* Fraction.swift */; };
		9B5696271AED23EF00AE0BEF /* CameraViewController.swift in Sources */ = {isa = PBXBuildFile; fileRef = 9B5696261AED23EF00AE0BEF /* CameraViewController.swift */; };
		9B589F371B42DFA30009A355 /* ConnectedComponent.swift in Sources */ = {isa = PBXBuildFile; fileRef = 9B589F361B42DFA30009A355 /* ConnectedComponent.swift */; };
		9B589F3A1B4355100009A355 /* Queue.swift in Sources */ = {isa = PBXBuildFile; fileRef = 9B589F391B4355100009A355 /* Queue.swift */; };
		9B78E17F1A8CDB3C0069CBF3 /* AppDelegate.swift in Sources */ = {isa = PBXBuildFile; fileRef = 9B78E17E1A8CDB3C0069CBF3 /* AppDelegate.swift */; };
		9B78E1811A8CDB3D0069CBF3 /* ViewController.swift in Sources */ = {isa = PBXBuildFile; fileRef = 9B78E1801A8CDB3D0069CBF3 /* ViewController.swift */; };
		9B78E1841A8CDB3D0069CBF3 /* Main.storyboard in Resources */ = {isa = PBXBuildFile; fileRef = 9B78E1821A8CDB3D0069CBF3 /* Main.storyboard */; };
		9B78E1861A8CDB3D0069CBF3 /* Images.xcassets in Resources */ = {isa = PBXBuildFile; fileRef = 9B78E1851A8CDB3D0069CBF3 /* Images.xcassets */; };
		9B78E1891A8CDB3D0069CBF3 /* LaunchScreen.xib in Resources */ = {isa = PBXBuildFile; fileRef = 9B78E1871A8CDB3D0069CBF3 /* LaunchScreen.xib */; };
		9B78E1951A8CDB3D0069CBF3 /* Matrix_CalculatorTests.swift in Sources */ = {isa = PBXBuildFile; fileRef = 9B78E1941A8CDB3D0069CBF3 /* Matrix_CalculatorTests.swift */; };
		9BA1C8BA1A9632D20052C9A4 /* NeuralNetwork.swift in Sources */ = {isa = PBXBuildFile; fileRef = 9BA1C8B91A9632D20052C9A4 /* NeuralNetwork.swift */; };
		9BB6D5961B9CC763008E5B13 /* Localizable.strings in Resources */ = {isa = PBXBuildFile; fileRef = 9BB6D5981B9CC763008E5B13 /* Localizable.strings */; };
		9BB6D59D1B9E423A008E5B13 /* TutorialOverlayView.swift in Sources */ = {isa = PBXBuildFile; fileRef = 9BB6D59C1B9E423A008E5B13 /* TutorialOverlayView.swift */; settings = {ASSET_TAGS = (); }; };
		9BB6D59F1BA0B585008E5B13 /* Util.swift in Sources */ = {isa = PBXBuildFile; fileRef = 9BB6D59E1BA0B585008E5B13 /* Util.swift */; settings = {ASSET_TAGS = (); }; };
		9BDD6AB21B7A346000894EDD /* LoadingOverlay.swift in Sources */ = {isa = PBXBuildFile; fileRef = 9BDD6AB11B7A346000894EDD /* LoadingOverlay.swift */; };
		9BDD6AB41B7D2ED200894EDD /* MatrixCalculationCell.swift in Sources */ = {isa = PBXBuildFile; fileRef = 9BDD6AB31B7D2ED200894EDD /* MatrixCalculationCell.swift */; };
		9BDD6AB61B7D338400894EDD /* matrixTableView.swift in Sources */ = {isa = PBXBuildFile; fileRef = 9BDD6AB51B7D338400894EDD /* matrixTableView.swift */; };
		9BF80D601B8116C0002AF21C /* storedMatrixView.swift in Sources */ = {isa = PBXBuildFile; fileRef = 9BF80D5F1B8116C0002AF21C /* storedMatrixView.swift */; };
		9BF80D621B829419002AF21C /* MatrixCell.xib in Resources */ = {isa = PBXBuildFile; fileRef = 9BF80D611B829418002AF21C /* MatrixCell.xib */; };
		9BF80D641B9781F5002AF21C /* FractionInputView.swift in Sources */ = {isa = PBXBuildFile; fileRef = 9BF80D631B9781F5002AF21C /* FractionInputView.swift */; };
		9BF80D661B98B4CC002AF21C /* MatrixErrors.swift in Sources */ = {isa = PBXBuildFile; fileRef = 9BF80D651B98B4CC002AF21C /* MatrixErrors.swift */; };
		9BFC135F1B98E00F00904FC2 /* MatrixErrors.swift in Sources */ = {isa = PBXBuildFile; fileRef = 9BF80D651B98B4CC002AF21C /* MatrixErrors.swift */; };
/* End PBXBuildFile section */

/* Begin PBXContainerItemProxy section */
		9B78E18F1A8CDB3D0069CBF3 /* PBXContainerItemProxy */ = {
			isa = PBXContainerItemProxy;
			containerPortal = 9B78E1711A8CDB3C0069CBF3 /* Project object */;
			proxyType = 1;
			remoteGlobalIDString = 9B78E1781A8CDB3C0069CBF3;
			remoteInfo = "Matrix Calculator";
		};
/* End PBXContainerItemProxy section */

/* Begin PBXCopyFilesBuildPhase section */
		9B4980C51B5BFB3C00F2BC47 /* Embed App Extensions */ = {
			isa = PBXCopyFilesBuildPhase;
			buildActionMask = 2147483647;
			dstPath = "";
			dstSubfolderSpec = 13;
			files = (
			);
			name = "Embed App Extensions";
			runOnlyForDeploymentPostprocessing = 0;
		};
		9B6CD8351A9CA0D6000C1841 /* Embed Frameworks */ = {
			isa = PBXCopyFilesBuildPhase;
			buildActionMask = 2147483647;
			dstPath = "";
			dstSubfolderSpec = 10;
			files = (
			);
			name = "Embed Frameworks";
			runOnlyForDeploymentPostprocessing = 0;
		};
		9B6CD8361A9CA127000C1841 /* CopyFiles */ = {
			isa = PBXCopyFilesBuildPhase;
			buildActionMask = 2147483647;
			dstPath = "";
			dstSubfolderSpec = 10;
			files = (
			);
			runOnlyForDeploymentPostprocessing = 0;
		};
/* End PBXCopyFilesBuildPhase section */

/* Begin PBXFileReference section */
		9B4980B61B51AB9900F2BC47 /* weight.txt */ = {isa = PBXFileReference; fileEncoding = 4; lastKnownFileType = text; path = weight.txt; sourceTree = "<group>"; };
		9B4980CC1B5C00C100F2BC47 /* CalculatorMainScreenViewController.swift */ = {isa = PBXFileReference; fileEncoding = 4; lastKnownFileType = sourcecode.swift; path = CalculatorMainScreenViewController.swift; sourceTree = "<group>"; };
		9B4980D01B5DA09300F2BC47 /* Matrix.swift */ = {isa = PBXFileReference; fileEncoding = 4; lastKnownFileType = sourcecode.swift; path = Matrix.swift; sourceTree = "<group>"; };
		9B4980D11B5DA09300F2BC47 /* Polynomial.swift */ = {isa = PBXFileReference; fileEncoding = 4; lastKnownFileType = sourcecode.swift; path = Polynomial.swift; sourceTree = "<group>"; };
		9B4980D41B5DA19A00F2BC47 /* Fraction.swift */ = {isa = PBXFileReference; fileEncoding = 4; lastKnownFileType = sourcecode.swift; path = Fraction.swift; sourceTree = "<group>"; };
		9B5696261AED23EF00AE0BEF /* CameraViewController.swift */ = {isa = PBXFileReference; fileEncoding = 4; lastKnownFileType = sourcecode.swift; path = CameraViewController.swift; sourceTree = "<group>"; };
		9B589F361B42DFA30009A355 /* ConnectedComponent.swift */ = {isa = PBXFileReference; fileEncoding = 4; lastKnownFileType = sourcecode.swift; path = ConnectedComponent.swift; sourceTree = "<group>"; };
		9B589F391B4355100009A355 /* Queue.swift */ = {isa = PBXFileReference; fileEncoding = 4; lastKnownFileType = sourcecode.swift; path = Queue.swift; sourceTree = "<group>"; };
		9B78E1791A8CDB3C0069CBF3 /* Matrix Calculator.app */ = {isa = PBXFileReference; explicitFileType = wrapper.application; includeInIndex = 0; path = "Matrix Calculator.app"; sourceTree = BUILT_PRODUCTS_DIR; };
		9B78E17D1A8CDB3C0069CBF3 /* Info.plist */ = {isa = PBXFileReference; lastKnownFileType = text.plist.xml; path = Info.plist; sourceTree = "<group>"; };
		9B78E17E1A8CDB3C0069CBF3 /* AppDelegate.swift */ = {isa = PBXFileReference; lastKnownFileType = sourcecode.swift; path = AppDelegate.swift; sourceTree = "<group>"; };
		9B78E1801A8CDB3D0069CBF3 /* ViewController.swift */ = {isa = PBXFileReference; lastKnownFileType = sourcecode.swift; path = ViewController.swift; sourceTree = "<group>"; };
		9B78E1831A8CDB3D0069CBF3 /* Base */ = {isa = PBXFileReference; lastKnownFileType = file.storyboard; name = Base; path = Base.lproj/Main.storyboard; sourceTree = "<group>"; };
		9B78E1851A8CDB3D0069CBF3 /* Images.xcassets */ = {isa = PBXFileReference; lastKnownFileType = folder.assetcatalog; path = Images.xcassets; sourceTree = "<group>"; };
		9B78E1881A8CDB3D0069CBF3 /* Base */ = {isa = PBXFileReference; lastKnownFileType = file.xib; name = Base; path = Base.lproj/LaunchScreen.xib; sourceTree = "<group>"; };
		9B78E18E1A8CDB3D0069CBF3 /* Matrix CalculatorTests.xctest */ = {isa = PBXFileReference; explicitFileType = wrapper.cfbundle; includeInIndex = 0; path = "Matrix CalculatorTests.xctest"; sourceTree = BUILT_PRODUCTS_DIR; };
		9B78E1931A8CDB3D0069CBF3 /* Info.plist */ = {isa = PBXFileReference; lastKnownFileType = text.plist.xml; path = Info.plist; sourceTree = "<group>"; };
		9B78E1941A8CDB3D0069CBF3 /* Matrix_CalculatorTests.swift */ = {isa = PBXFileReference; lastKnownFileType = sourcecode.swift; path = Matrix_CalculatorTests.swift; sourceTree = "<group>"; };
		9BA1C8B91A9632D20052C9A4 /* NeuralNetwork.swift */ = {isa = PBXFileReference; fileEncoding = 4; lastKnownFileType = sourcecode.swift; path = NeuralNetwork.swift; sourceTree = "<group>"; };
		9BB6D5931B9B2235008E5B13 /* zh-Hans */ = {isa = PBXFileReference; lastKnownFileType = text.plist.strings; name = "zh-Hans"; path = "zh-Hans.lproj/Main.strings"; sourceTree = "<group>"; };
		9BB6D5971B9CC763008E5B13 /* en */ = {isa = PBXFileReference; fileEncoding = 10; lastKnownFileType = text.plist.strings; name = en; path = en.lproj/Localizable.strings; sourceTree = "<group>"; };
		9BB6D5991B9CC777008E5B13 /* zh-Hans */ = {isa = PBXFileReference; fileEncoding = 10; lastKnownFileType = text.plist.strings; name = "zh-Hans"; path = "zh-Hans.lproj/Localizable.strings"; sourceTree = "<group>"; };
		9BB6D59C1B9E423A008E5B13 /* TutorialOverlayView.swift */ = {isa = PBXFileReference; fileEncoding = 4; lastKnownFileType = sourcecode.swift; path = TutorialOverlayView.swift; sourceTree = "<group>"; };
		9BB6D59E1BA0B585008E5B13 /* Util.swift */ = {isa = PBXFileReference; fileEncoding = 4; lastKnownFileType = sourcecode.swift; path = Util.swift; sourceTree = "<group>"; };
		9BDD6AB11B7A346000894EDD /* LoadingOverlay.swift */ = {isa = PBXFileReference; fileEncoding = 4; lastKnownFileType = sourcecode.swift; path = LoadingOverlay.swift; sourceTree = "<group>"; };
		9BDD6AB31B7D2ED200894EDD /* MatrixCalculationCell.swift */ = {isa = PBXFileReference; fileEncoding = 4; lastKnownFileType = sourcecode.swift; path = MatrixCalculationCell.swift; sourceTree = "<group>"; };
		9BDD6AB51B7D338400894EDD /* matrixTableView.swift */ = {isa = PBXFileReference; fileEncoding = 4; lastKnownFileType = sourcecode.swift; path = matrixTableView.swift; sourceTree = "<group>"; };
		9BF80D5F1B8116C0002AF21C /* storedMatrixView.swift */ = {isa = PBXFileReference; fileEncoding = 4; lastKnownFileType = sourcecode.swift; path = storedMatrixView.swift; sourceTree = "<group>"; };
		9BF80D611B829418002AF21C /* MatrixCell.xib */ = {isa = PBXFileReference; fileEncoding = 4; lastKnownFileType = file.xib; path = MatrixCell.xib; sourceTree = "<group>"; };
		9BF80D631B9781F5002AF21C /* FractionInputView.swift */ = {isa = PBXFileReference; fileEncoding = 4; lastKnownFileType = sourcecode.swift; path = FractionInputView.swift; sourceTree = "<group>"; };
		9BF80D651B98B4CC002AF21C /* MatrixErrors.swift */ = {isa = PBXFileReference; fileEncoding = 4; lastKnownFileType = sourcecode.swift; path = MatrixErrors.swift; sourceTree = "<group>"; };
/* End PBXFileReference section */

/* Begin PBXFrameworksBuildPhase section */
		9B78E1761A8CDB3C0069CBF3 /* Frameworks */ = {
			isa = PBXFrameworksBuildPhase;
			buildActionMask = 2147483647;
			files = (
			);
			runOnlyForDeploymentPostprocessing = 0;
		};
		9B78E18B1A8CDB3D0069CBF3 /* Frameworks */ = {
			isa = PBXFrameworksBuildPhase;
			buildActionMask = 2147483647;
			files = (
			);
			runOnlyForDeploymentPostprocessing = 0;
		};
/* End PBXFrameworksBuildPhase section */

/* Begin PBXGroup section */
		9B4980CE1B5D8EB700F2BC47 /* ViewControllers */ = {
			isa = PBXGroup;
			children = (
				9B4980CC1B5C00C100F2BC47 /* CalculatorMainScreenViewController.swift */,
				9B5696261AED23EF00AE0BEF /* CameraViewController.swift */,
				9B78E1801A8CDB3D0069CBF3 /* ViewController.swift */,
			);
			name = ViewControllers;
			sourceTree = "<group>";
		};
		9B4980D61B5DA1A700F2BC47 /* MatrixClasses */ = {
			isa = PBXGroup;
			children = (
				9B4980D01B5DA09300F2BC47 /* Matrix.swift */,
				9B4980D11B5DA09300F2BC47 /* Polynomial.swift */,
				9B4980D41B5DA19A00F2BC47 /* Fraction.swift */,
			);
			name = MatrixClasses;
			sourceTree = "<group>";
		};
		9B4980D81B5DA1D700F2BC47 /* RecognitionClasses */ = {
			isa = PBXGroup;
			children = (
				9B589F391B4355100009A355 /* Queue.swift */,
				9B4980B61B51AB9900F2BC47 /* weight.txt */,
				9B589F361B42DFA30009A355 /* ConnectedComponent.swift */,
				9BA1C8B91A9632D20052C9A4 /* NeuralNetwork.swift */,
			);
			name = RecognitionClasses;
			sourceTree = "<group>";
		};
		9B78E1701A8CDB3C0069CBF3 = {
			isa = PBXGroup;
			children = (
				9B78E17B1A8CDB3C0069CBF3 /* Matrix Calculator */,
				9B78E1911A8CDB3D0069CBF3 /* Matrix CalculatorTests */,
				9B78E17A1A8CDB3C0069CBF3 /* Products */,
			);
			sourceTree = "<group>";
		};
		9B78E17A1A8CDB3C0069CBF3 /* Products */ = {
			isa = PBXGroup;
			children = (
				9B78E1791A8CDB3C0069CBF3 /* Matrix Calculator.app */,
				9B78E18E1A8CDB3D0069CBF3 /* Matrix CalculatorTests.xctest */,
			);
			name = Products;
			sourceTree = "<group>";
		};
		9B78E17B1A8CDB3C0069CBF3 /* Matrix Calculator */ = {
			isa = PBXGroup;
			children = (
				9B4980CE1B5D8EB700F2BC47 /* ViewControllers */,
				9B4980D81B5DA1D700F2BC47 /* RecognitionClasses */,
				9B4980D61B5DA1A700F2BC47 /* MatrixClasses */,
				9B78E1821A8CDB3D0069CBF3 /* Main.storyboard */,
				9BF80D5E1B811264002AF21C /* CustomClasses */,
				9B78E17E1A8CDB3C0069CBF3 /* AppDelegate.swift */,
				9B78E1851A8CDB3D0069CBF3 /* Images.xcassets */,
				9B78E1871A8CDB3D0069CBF3 /* LaunchScreen.xib */,
				9B78E17C1A8CDB3C0069CBF3 /* Supporting Files */,
			);
			path = "Matrix Calculator";
			sourceTree = "<group>";
		};
		9B78E17C1A8CDB3C0069CBF3 /* Supporting Files */ = {
			isa = PBXGroup;
			children = (
				9BB6D59E1BA0B585008E5B13 /* Util.swift */,
				9BB6D5981B9CC763008E5B13 /* Localizable.strings */,
				9B78E17D1A8CDB3C0069CBF3 /* Info.plist */,
			);
			name = "Supporting Files";
			sourceTree = "<group>";
		};
		9B78E1911A8CDB3D0069CBF3 /* Matrix CalculatorTests */ = {
			isa = PBXGroup;
			children = (
				9B78E1941A8CDB3D0069CBF3 /* Matrix_CalculatorTests.swift */,
				9B78E1921A8CDB3D0069CBF3 /* Supporting Files */,
			);
			path = "Matrix CalculatorTests";
			sourceTree = "<group>";
		};
		9B78E1921A8CDB3D0069CBF3 /* Supporting Files */ = {
			isa = PBXGroup;
			children = (
				9B78E1931A8CDB3D0069CBF3 /* Info.plist */,
			);
			name = "Supporting Files";
			sourceTree = "<group>";
		};
		9BF80D5E1B811264002AF21C /* CustomClasses */ = {
			isa = PBXGroup;
			children = (
				9BF80D651B98B4CC002AF21C /* MatrixErrors.swift */,
				9BB6D59C1B9E423A008E5B13 /* TutorialOverlayView.swift */,
				9BF80D631B9781F5002AF21C /* FractionInputView.swift */,
				9BF80D5F1B8116C0002AF21C /* storedMatrixView.swift */,
				9BDD6AB51B7D338400894EDD /* matrixTableView.swift */,
				9BDD6AB31B7D2ED200894EDD /* MatrixCalculationCell.swift */,
				9BF80D611B829418002AF21C /* MatrixCell.xib */,
				9BDD6AB11B7A346000894EDD /* LoadingOverlay.swift */,
			);
			name = CustomClasses;
			sourceTree = "<group>";
		};
/* End PBXGroup section */

/* Begin PBXNativeTarget section */
		9B78E1781A8CDB3C0069CBF3 /* Matrix Calculator */ = {
			isa = PBXNativeTarget;
			buildConfigurationList = 9B78E1981A8CDB3D0069CBF3 /* Build configuration list for PBXNativeTarget "Matrix Calculator" */;
			buildPhases = (
				9B78E1751A8CDB3C0069CBF3 /* Sources */,
				9B78E1761A8CDB3C0069CBF3 /* Frameworks */,
				9B78E1771A8CDB3C0069CBF3 /* Resources */,
				9B6CD8351A9CA0D6000C1841 /* Embed Frameworks */,
				9B6CD8361A9CA127000C1841 /* CopyFiles */,
				9B4980C51B5BFB3C00F2BC47 /* Embed App Extensions */,
			);
			buildRules = (
			);
			dependencies = (
			);
			name = "Matrix Calculator";
			productName = "Matrix Calculator";
			productReference = 9B78E1791A8CDB3C0069CBF3 /* Matrix Calculator.app */;
			productType = "com.apple.product-type.application";
		};
		9B78E18D1A8CDB3D0069CBF3 /* Matrix CalculatorTests */ = {
			isa = PBXNativeTarget;
			buildConfigurationList = 9B78E19B1A8CDB3D0069CBF3 /* Build configuration list for PBXNativeTarget "Matrix CalculatorTests" */;
			buildPhases = (
				9B78E18A1A8CDB3D0069CBF3 /* Sources */,
				9B78E18B1A8CDB3D0069CBF3 /* Frameworks */,
				9B78E18C1A8CDB3D0069CBF3 /* Resources */,
			);
			buildRules = (
			);
			dependencies = (
				9B78E1901A8CDB3D0069CBF3 /* PBXTargetDependency */,
			);
			name = "Matrix CalculatorTests";
			productName = "Matrix CalculatorTests";
			productReference = 9B78E18E1A8CDB3D0069CBF3 /* Matrix CalculatorTests.xctest */;
			productType = "com.apple.product-type.bundle.unit-test";
		};
/* End PBXNativeTarget section */

/* Begin PBXProject section */
		9B78E1711A8CDB3C0069CBF3 /* Project object */ = {
			isa = PBXProject;
			attributes = {
				LastSwiftMigration = 0700;
				LastSwiftUpdateCheck = 0700;
				LastUpgradeCheck = 0700;
				ORGANIZATIONNAME = "Zichuan Huang";
				TargetAttributes = {
					9B78E1781A8CDB3C0069CBF3 = {
						CreatedOnToolsVersion = 6.1.1;
						DevelopmentTeam = 62ZFR423PJ;
					};
					9B78E18D1A8CDB3D0069CBF3 = {
						CreatedOnToolsVersion = 6.1.1;
						DevelopmentTeam = 62ZFR423PJ;
						TestTargetID = 9B78E1781A8CDB3C0069CBF3;
					};
				};
			};
			buildConfigurationList = 9B78E1741A8CDB3C0069CBF3 /* Build configuration list for PBXProject "Matrix Calculator" */;
			compatibilityVersion = "Xcode 3.2";
			developmentRegion = English;
			hasScannedForEncodings = 0;
			knownRegions = (
				en,
				Base,
				"zh-Hans",
			);
			mainGroup = 9B78E1701A8CDB3C0069CBF3;
			productRefGroup = 9B78E17A1A8CDB3C0069CBF3 /* Products */;
			projectDirPath = "";
			projectRoot = "";
			targets = (
				9B78E1781A8CDB3C0069CBF3 /* Matrix Calculator */,
				9B78E18D1A8CDB3D0069CBF3 /* Matrix CalculatorTests */,
			);
		};
/* End PBXProject section */

/* Begin PBXResourcesBuildPhase section */
		9B78E1771A8CDB3C0069CBF3 /* Resources */ = {
			isa = PBXResourcesBuildPhase;
			buildActionMask = 2147483647;
			files = (
				9B4980B71B51AB9900F2BC47 /* weight.txt in Resources */,
				9BB6D5961B9CC763008E5B13 /* Localizable.strings in Resources */,
				9B78E1841A8CDB3D0069CBF3 /* Main.storyboard in Resources */,
				9B78E1891A8CDB3D0069CBF3 /* LaunchScreen.xib in Resources */,
				9B78E1861A8CDB3D0069CBF3 /* Images.xcassets in Resources */,
				9BF80D621B829419002AF21C /* MatrixCell.xib in Resources */,
			);
			runOnlyForDeploymentPostprocessing = 0;
		};
		9B78E18C1A8CDB3D0069CBF3 /* Resources */ = {
			isa = PBXResourcesBuildPhase;
			buildActionMask = 2147483647;
			files = (
			);
			runOnlyForDeploymentPostprocessing = 0;
		};
/* End PBXResourcesBuildPhase section */

/* Begin PBXSourcesBuildPhase section */
		9B78E1751A8CDB3C0069CBF3 /* Sources */ = {
			isa = PBXSourcesBuildPhase;
			buildActionMask = 2147483647;
			files = (
				9BF80D601B8116C0002AF21C /* storedMatrixView.swift in Sources */,
				9BDD6AB61B7D338400894EDD /* matrixTableView.swift in Sources */,
				9B78E1811A8CDB3D0069CBF3 /* ViewController.swift in Sources */,
				9BF80D641B9781F5002AF21C /* FractionInputView.swift in Sources */,
				9B4980D31B5DA09300F2BC47 /* Polynomial.swift in Sources */,
				9B4980CD1B5C00C100F2BC47 /* CalculatorMainScreenViewController.swift in Sources */,
				9B4980D21B5DA09300F2BC47 /* Matrix.swift in Sources */,
				9BF80D661B98B4CC002AF21C /* MatrixErrors.swift in Sources */,
				9B589F371B42DFA30009A355 /* ConnectedComponent.swift in Sources */,
				9B5696271AED23EF00AE0BEF /* CameraViewController.swift in Sources */,
				9B78E17F1A8CDB3C0069CBF3 /* AppDelegate.swift in Sources */,
				9BB6D59F1BA0B585008E5B13 /* Util.swift in Sources */,
				9B589F3A1B4355100009A355 /* Queue.swift in Sources */,
				9BB6D59D1B9E423A008E5B13 /* TutorialOverlayView.swift in Sources */,
				9BA1C8BA1A9632D20052C9A4 /* NeuralNetwork.swift in Sources */,
				9B4980D51B5DA19A00F2BC47 /* Fraction.swift in Sources */,
				9BDD6AB21B7A346000894EDD /* LoadingOverlay.swift in Sources */,
				9BDD6AB41B7D2ED200894EDD /* MatrixCalculationCell.swift in Sources */,
			);
			runOnlyForDeploymentPostprocessing = 0;
		};
		9B78E18A1A8CDB3D0069CBF3 /* Sources */ = {
			isa = PBXSourcesBuildPhase;
			buildActionMask = 2147483647;
			files = (
				9BFC135F1B98E00F00904FC2 /* MatrixErrors.swift in Sources */,
				9B78E1951A8CDB3D0069CBF3 /* Matrix_CalculatorTests.swift in Sources */,
			);
			runOnlyForDeploymentPostprocessing = 0;
		};
/* End PBXSourcesBuildPhase section */

/* Begin PBXTargetDependency section */
		9B78E1901A8CDB3D0069CBF3 /* PBXTargetDependency */ = {
			isa = PBXTargetDependency;
			target = 9B78E1781A8CDB3C0069CBF3 /* Matrix Calculator */;
			targetProxy = 9B78E18F1A8CDB3D0069CBF3 /* PBXContainerItemProxy */;
		};
/* End PBXTargetDependency section */

/* Begin PBXVariantGroup section */
		9B78E1821A8CDB3D0069CBF3 /* Main.storyboard */ = {
			isa = PBXVariantGroup;
			children = (
				9B78E1831A8CDB3D0069CBF3 /* Base */,
				9BB6D5931B9B2235008E5B13 /* zh-Hans */,
			);
			name = Main.storyboard;
			sourceTree = "<group>";
		};
		9B78E1871A8CDB3D0069CBF3 /* LaunchScreen.xib */ = {
			isa = PBXVariantGroup;
			children = (
				9B78E1881A8CDB3D0069CBF3 /* Base */,
			);
			name = LaunchScreen.xib;
			sourceTree = "<group>";
		};
		9BB6D5981B9CC763008E5B13 /* Localizable.strings */ = {
			isa = PBXVariantGroup;
			children = (
				9BB6D5971B9CC763008E5B13 /* en */,
				9BB6D5991B9CC777008E5B13 /* zh-Hans */,
			);
			name = Localizable.strings;
			sourceTree = "<group>";
		};
/* End PBXVariantGroup section */

/* Begin XCBuildConfiguration section */
		9B78E1961A8CDB3D0069CBF3 /* Debug */ = {
			isa = XCBuildConfiguration;
			buildSettings = {
				ALWAYS_SEARCH_USER_PATHS = NO;
				CLANG_CXX_LANGUAGE_STANDARD = "gnu++0x";
				CLANG_CXX_LIBRARY = "libc++";
				CLANG_ENABLE_MODULES = YES;
				CLANG_ENABLE_OBJC_ARC = YES;
				CLANG_WARN_BOOL_CONVERSION = YES;
				CLANG_WARN_CONSTANT_CONVERSION = YES;
				CLANG_WARN_DIRECT_OBJC_ISA_USAGE = YES_ERROR;
				CLANG_WARN_EMPTY_BODY = YES;
				CLANG_WARN_ENUM_CONVERSION = YES;
				CLANG_WARN_INT_CONVERSION = YES;
				CLANG_WARN_OBJC_ROOT_CLASS = YES_ERROR;
				CLANG_WARN_UNREACHABLE_CODE = YES;
				CLANG_WARN__DUPLICATE_METHOD_MATCH = YES;
				CODE_SIGN_IDENTITY = "iPhone Distribution: Zichuan Huang (62ZFR423PJ)";
				"CODE_SIGN_IDENTITY[sdk=iphoneos*]" = "iPhone Distribution: Zichuan Huang (62ZFR423PJ)";
				COPY_PHASE_STRIP = NO;
				ENABLE_STRICT_OBJC_MSGSEND = YES;
				ENABLE_TESTABILITY = YES;
				GCC_C_LANGUAGE_STANDARD = gnu99;
				GCC_DYNAMIC_NO_PIC = NO;
				GCC_OPTIMIZATION_LEVEL = 0;
				GCC_PREPROCESSOR_DEFINITIONS = (
					"DEBUG=1",
					"$(inherited)",
				);
				GCC_SYMBOLS_PRIVATE_EXTERN = NO;
				GCC_WARN_64_TO_32_BIT_CONVERSION = YES;
				GCC_WARN_ABOUT_RETURN_TYPE = YES_ERROR;
				GCC_WARN_UNDECLARED_SELECTOR = YES;
				GCC_WARN_UNINITIALIZED_AUTOS = YES_AGGRESSIVE;
				GCC_WARN_UNUSED_FUNCTION = YES;
				GCC_WARN_UNUSED_VARIABLE = YES;
				IPHONEOS_DEPLOYMENT_TARGET = 8.0;
				MTL_ENABLE_DEBUG_INFO = YES;
				ONLY_ACTIVE_ARCH = YES;
				PROVISIONING_PROFILE = "";
				SDKROOT = iphoneos;
				SWIFT_OPTIMIZATION_LEVEL = "-Onone";
			};
			name = Debug;
		};
		9B78E1971A8CDB3D0069CBF3 /* Release */ = {
			isa = XCBuildConfiguration;
			buildSettings = {
				ALWAYS_SEARCH_USER_PATHS = NO;
				CLANG_CXX_LANGUAGE_STANDARD = "gnu++0x";
				CLANG_CXX_LIBRARY = "libc++";
				CLANG_ENABLE_MODULES = YES;
				CLANG_ENABLE_OBJC_ARC = YES;
				CLANG_WARN_BOOL_CONVERSION = YES;
				CLANG_WARN_CONSTANT_CONVERSION = YES;
				CLANG_WARN_DIRECT_OBJC_ISA_USAGE = YES_ERROR;
				CLANG_WARN_EMPTY_BODY = YES;
				CLANG_WARN_ENUM_CONVERSION = YES;
				CLANG_WARN_INT_CONVERSION = YES;
				CLANG_WARN_OBJC_ROOT_CLASS = YES_ERROR;
				CLANG_WARN_UNREACHABLE_CODE = YES;
				CLANG_WARN__DUPLICATE_METHOD_MATCH = YES;
				CODE_SIGN_IDENTITY = "iPhone Distribution: Zichuan Huang (62ZFR423PJ)";
				"CODE_SIGN_IDENTITY[sdk=iphoneos*]" = "iPhone Distribution: Zichuan Huang (62ZFR423PJ)";
				COPY_PHASE_STRIP = YES;
				ENABLE_NS_ASSERTIONS = NO;
				ENABLE_STRICT_OBJC_MSGSEND = YES;
				GCC_C_LANGUAGE_STANDARD = gnu99;
				GCC_WARN_64_TO_32_BIT_CONVERSION = YES;
				GCC_WARN_ABOUT_RETURN_TYPE = YES_ERROR;
				GCC_WARN_UNDECLARED_SELECTOR = YES;
				GCC_WARN_UNINITIALIZED_AUTOS = YES_AGGRESSIVE;
				GCC_WARN_UNUSED_FUNCTION = YES;
				GCC_WARN_UNUSED_VARIABLE = YES;
				IPHONEOS_DEPLOYMENT_TARGET = 8.0;
				MTL_ENABLE_DEBUG_INFO = NO;
				PROVISIONING_PROFILE = "";
				SDKROOT = iphoneos;
				VALIDATE_PRODUCT = YES;
			};
			name = Release;
		};
		9B78E1991A8CDB3D0069CBF3 /* Debug */ = {
			isa = XCBuildConfiguration;
			buildSettings = {
				ASSETCATALOG_COMPILER_APPICON_NAME = AppIcon;
				ASSETCATALOG_COMPILER_LAUNCHIMAGE_NAME = LaunchImage;
				CLANG_ENABLE_MODULES = YES;
				CODE_SIGN_IDENTITY = "iPhone Developer";
				"CODE_SIGN_IDENTITY[sdk=iphoneos*]" = "iPhone Developer";
				INFOPLIST_FILE = "Matrix Calculator/Info.plist";
				IPHONEOS_DEPLOYMENT_TARGET = 8.0;
				LD_RUNPATH_SEARCH_PATHS = "$(inherited) @executable_path/Frameworks";
				PRODUCT_BUNDLE_IDENTIFIER = com.hzc.MatrixCalculator;
				PRODUCT_NAME = "$(TARGET_NAME)";
				PROVISIONING_PROFILE = "";
				SWIFT_OBJC_BRIDGING_HEADER = "";
				SWIFT_OBJC_INTERFACE_HEADER_NAME = "$(SWIFT_MODULE_NAME)-Swift.h";
				SWIFT_OPTIMIZATION_LEVEL = "-Onone";
			};
			name = Debug;
		};
		9B78E19A1A8CDB3D0069CBF3 /* Release */ = {
			isa = XCBuildConfiguration;
			buildSettings = {
				ASSETCATALOG_COMPILER_APPICON_NAME = AppIcon;
				ASSETCATALOG_COMPILER_LAUNCHIMAGE_NAME = LaunchImage;
				CLANG_ENABLE_MODULES = YES;
				CODE_SIGN_IDENTITY = "iPhone Developer";
				"CODE_SIGN_IDENTITY[sdk=iphoneos*]" = "iPhone Developer";
				INFOPLIST_FILE = "Matrix Calculator/Info.plist";
				IPHONEOS_DEPLOYMENT_TARGET = 8.0;
				LD_RUNPATH_SEARCH_PATHS = "$(inherited) @executable_path/Frameworks";
				PRODUCT_BUNDLE_IDENTIFIER = com.hzc.MatrixCalculator;
				PRODUCT_NAME = "$(TARGET_NAME)";
				PROVISIONING_PROFILE = "";
				SWIFT_OBJC_BRIDGING_HEADER = "";
				SWIFT_OBJC_INTERFACE_HEADER_NAME = "$(SWIFT_MODULE_NAME)-Swift.h";
			};
			name = Release;
		};
		9B78E19C1A8CDB3D0069CBF3 /* Debug */ = {
			isa = XCBuildConfiguration;
			buildSettings = {
				BUNDLE_LOADER = "$(TEST_HOST)";
				CODE_SIGN_IDENTITY = "iPhone Distribution: Zichuan Huang (62ZFR423PJ)";
				"CODE_SIGN_IDENTITY[sdk=iphoneos*]" = "iPhone Distribution: Zichuan Huang (62ZFR423PJ)";
				FRAMEWORK_SEARCH_PATHS = (
					"$(SDKROOT)/Developer/Library/Frameworks",
					"$(inherited)",
				);
				GCC_PREPROCESSOR_DEFINITIONS = (
					"DEBUG=1",
					"$(inherited)",
				);
				INFOPLIST_FILE = "Matrix CalculatorTests/Info.plist";
				LD_RUNPATH_SEARCH_PATHS = "$(inherited) @executable_path/Frameworks @loader_path/Frameworks";
				PRODUCT_BUNDLE_IDENTIFIER = "com.hzc.$(PRODUCT_NAME:rfc1034identifier)";
				PRODUCT_NAME = "$(TARGET_NAME)";
				PROVISIONING_PROFILE = "";
				TEST_HOST = "$(BUILT_PRODUCTS_DIR)/Matrix Calculator.app/Matrix Calculator";
			};
			name = Debug;
		};
		9B78E19D1A8CDB3D0069CBF3 /* Release */ = {
			isa = XCBuildConfiguration;
			buildSettings = {
				BUNDLE_LOADER = "$(TEST_HOST)";
				CODE_SIGN_IDENTITY = "iPhone Distribution: Zichuan Huang (62ZFR423PJ)";
				"CODE_SIGN_IDENTITY[sdk=iphoneos*]" = "iPhone Distribution: Zichuan Huang (62ZFR423PJ)";
				FRAMEWORK_SEARCH_PATHS = (
					"$(SDKROOT)/Developer/Library/Frameworks",
					"$(inherited)",
				);
				INFOPLIST_FILE = "Matrix CalculatorTests/Info.plist";
				LD_RUNPATH_SEARCH_PATHS = "$(inherited) @executable_path/Frameworks @loader_path/Frameworks";
				PRODUCT_BUNDLE_IDENTIFIER = "com.hzc.$(PRODUCT_NAME:rfc1034identifier)";
				PRODUCT_NAME = "$(TARGET_NAME)";
				PROVISIONING_PROFILE = "";
				TEST_HOST = "$(BUILT_PRODUCTS_DIR)/Matrix Calculator.app/Matrix Calculator";
			};
			name = Release;
		};
/* End XCBuildConfiguration section */

/* Begin XCConfigurationList section */
		9B78E1741A8CDB3C0069CBF3 /* Build configuration list for PBXProject "Matrix Calculator" */ = {
			isa = XCConfigurationList;
			buildConfigurations = (
				9B78E1961A8CDB3D0069CBF3 /* Debug */,
				9B78E1971A8CDB3D0069CBF3 /* Release */,
			);
			defaultConfigurationIsVisible = 0;
			defaultConfigurationName = Release;
		};
		9B78E1981A8CDB3D0069CBF3 /* Build configuration list for PBXNativeTarget "Matrix Calculator" */ = {
			isa = XCConfigurationList;
			buildConfigurations = (
				9B78E1991A8CDB3D0069CBF3 /* Debug */,
				9B78E19A1A8CDB3D0069CBF3 /* Release */,
			);
			defaultConfigurationIsVisible = 0;
			defaultConfigurationName = Release;
		};
		9B78E19B1A8CDB3D0069CBF3 /* Build configuration list for PBXNativeTarget "Matrix CalculatorTests" */ = {
			isa = XCConfigurationList;
			buildConfigurations = (
				9B78E19C1A8CDB3D0069CBF3 /* Debug */,
				9B78E19D1A8CDB3D0069CBF3 /* Release */,
			);
			defaultConfigurationIsVisible = 0;
			defaultConfigurationName = Release;
		};
/* End XCConfigurationList section */
	};
	rootObject = 9B78E1711A8CDB3C0069CBF3 /* Project object */;
}
